{
    "_readme": [
        "This file locks the dependencies of your project to a known state",
        "Read more about it at http://getcomposer.org/doc/01-basic-usage.md#composer-lock-the-lock-file",
        "This file is @generated automatically"
    ],
    "hash": "5f03acd8380613f47c3e49a9c5213a49",
    "packages": [
        {
            "name": "comodojo/exceptions",
            "version": "1.0.0",
            "source": {
                "type": "git",
                "url": "https://github.com/comodojo/exceptions.git",
                "reference": "5e71cfea60bf7e49bcbd5906b48225afae91e042"
            },
            "dist": {
                "type": "zip",
                "url": "https://api.github.com/repos/comodojo/exceptions/zipball/5e71cfea60bf7e49bcbd5906b48225afae91e042",
                "reference": "5e71cfea60bf7e49bcbd5906b48225afae91e042",
                "shasum": ""
            },
            "require-dev": {
                "phpunit/phpunit": "~4.0",
                "scrutinizer/ocular": "~1.1"
            },
            "type": "library",
            "autoload": {
                "psr-4": {
                    "Comodojo\\Exception\\": "src/Exception"
                }
            },
            "notification-url": "https://packagist.org/downloads/",
            "license": [
                "MIT"
            ],
            "authors": [
                {
                    "name": "Marco Giovinazzi",
                    "email": "marco.giovinazzi@comodojo.org",
                    "homepage": "http://jme.altervista.org"
                },
                {
                    "name": "Marco Castiello",
                    "email": "marco.castiello@gmail.com"
                }
            ],
            "description": "Common exceptions for comodojo libs and frameworks",
            "homepage": "https://comodojo.org",
            "keywords": [
                "comodojo",
                "exception"
            ],
            "time": "2015-08-11 17:05:59"
        },
        {
            "name": "comodojo/zip",
            "version": "2.0.1",
            "source": {
                "type": "git",
                "url": "https://github.com/comodojo/zip.git",
                "reference": "922f6703fa46d90b5b309f93a396a40543b538a3"
            },
            "dist": {
                "type": "zip",
                "url": "https://api.github.com/repos/comodojo/zip/zipball/922f6703fa46d90b5b309f93a396a40543b538a3",
                "reference": "922f6703fa46d90b5b309f93a396a40543b538a3",
                "shasum": ""
            },
            "require": {
                "comodojo/exceptions": "@stable"
            },
            "require-dev": {
                "phpunit/phpunit": "~4.0",
                "scrutinizer/ocular": "~1.1"
            },
            "type": "library",
            "autoload": {
                "psr-4": {
                    "Comodojo\\Zip\\": "src"
                }
            },
            "notification-url": "https://packagist.org/downloads/",
            "license": [
                "MIT"
            ],
            "authors": [
                {
                    "name": "Marco Giovinazzi",
                    "email": "marco.giovinazzi@comodojo.org",
                    "homepage": "http://jme.altervista.org"
                }
            ],
            "description": "ZipArchive toolbox",
            "homepage": "https://comodojo.org",
            "keywords": [
                "merge",
                "multiple",
                "unzip",
                "zip",
                "ziparchive"
            ],
            "time": "2015-08-11 22:31:07"
        },
        {
            "name": "curl/curl",
            "version": "1.2.1",
            "source": {
                "type": "git",
                "url": "https://github.com/php-mod/curl.git",
                "reference": "67f7c490060751fbf24a02bc1ff3b32073aeb5e0"
            },
            "dist": {
                "type": "zip",
                "url": "https://api.github.com/repos/php-mod/curl/zipball/67f7c490060751fbf24a02bc1ff3b32073aeb5e0",
                "reference": "67f7c490060751fbf24a02bc1ff3b32073aeb5e0",
                "shasum": ""
            },
            "require": {
                "ext-curl": "*",
                "php": ">=5.3.0"
            },
            "require-dev": {
                "phpunit/phpunit": "3.7.*",
                "squizlabs/php_codesniffer": "~2.1"
            },
            "type": "library",
            "autoload": {
                "psr-0": {
                    "Curl": "src/"
                }
            },
            "notification-url": "https://packagist.org/downloads/",
            "license": [
                "MIT"
            ],
            "authors": [
                {
                    "name": "Hassan Amouhzi",
                    "email": "hassan@anezi.net",
                    "homepage": "http://hassan.amouhzi.com"
                },
                {
                    "name": "php-curl-class",
                    "homepage": "https://github.com/php-curl-class"
                },
                {
                    "name": "user52",
                    "homepage": "https://github.com/user52"
                }
            ],
            "description": "cURL class for PHP",
            "homepage": "https://github.com/php-mod/curl",
            "keywords": [
                "curl",
                "dot"
            ],
            "time": "2015-04-09 16:29:25"
        },
        {
            "name": "develpr/phindle",
            "version": "0.2.1",
            "source": {
                "type": "git",
                "url": "https://github.com/develpr/phindle.git",
                "reference": "9c2c3ef80a4265089df09ab2f17397264d44292d"
            },
            "dist": {
                "type": "zip",
                "url": "https://api.github.com/repos/develpr/phindle/zipball/9c2c3ef80a4265089df09ab2f17397264d44292d",
                "reference": "9c2c3ef80a4265089df09ab2f17397264d44292d",
                "shasum": ""
            },
            "require": {
                "php": ">=5.4.0"
            },
            "type": "library",
            "autoload": {
                "psr-0": {
                    "Develpr\\Phindle\\": "src/"
                }
            },
            "notification-url": "https://packagist.org/downloads/",
            "license": [
                "MIT"
            ],
            "authors": [
                {
                    "name": "Kevin Mitchell",
                    "email": "kevin@develpr.com",
                    "homepage": "http://develpr.com"
                }
            ],
            "description": "Creates full featured opf/ncx files for Kindle (mobi) ebooks and allows for images and other static resources",
            "homepage": "http://github.com/develpr/phindle",
            "keywords": [
                "book",
                "ebook",
                "kindle",
                "mobi",
                "ncx",
                "opf"
            ],
            "time": "2014-06-26 03:07:05"
        },
        {
            "name": "eventviva/php-image-resize",
            "version": "1.5.0",
            "source": {
                "type": "git",
                "url": "https://github.com/eventviva/php-image-resize.git",
                "reference": "cd5ba51c2bdd924d7c99aff6f7f1bdd7a79eb959"
            },
            "dist": {
                "type": "zip",
                "url": "https://api.github.com/repos/eventviva/php-image-resize/zipball/cd5ba51c2bdd924d7c99aff6f7f1bdd7a79eb959",
                "reference": "cd5ba51c2bdd924d7c99aff6f7f1bdd7a79eb959",
                "shasum": ""
            },
            "require": {
                "ext-gd": "*",
                "php": ">=5.3.0"
            },
            "type": "library",
            "autoload": {
                "classmap": [
                    "src"
                ]
            },
            "notification-url": "https://packagist.org/downloads/",
            "license": [
                "MIT"
            ],
            "authors": [
                {
                    "name": "Aditya Patadia",
                    "homepage": "http://aditya.patadia.org/"
                }
            ],
            "description": "PHP class to re-size and scale images",
            "homepage": "https://github.com/eventviva/php-image-resize",
            "keywords": [
                "image",
                "php",
                "resize",
                "scale"
            ],
            "time": "2015-06-22 23:28:21"
        },
        {
            "name": "fzaninotto/faker",
            "version": "v1.5.0",
            "source": {
                "type": "git",
                "url": "https://github.com/fzaninotto/Faker.git",
                "reference": "d0190b156bcca848d401fb80f31f504f37141c8d"
            },
            "dist": {
                "type": "zip",
                "url": "https://api.github.com/repos/fzaninotto/Faker/zipball/d0190b156bcca848d401fb80f31f504f37141c8d",
                "reference": "d0190b156bcca848d401fb80f31f504f37141c8d",
                "shasum": ""
            },
            "require": {
                "php": ">=5.3.3"
            },
            "require-dev": {
                "phpunit/phpunit": "~4.0",
                "squizlabs/php_codesniffer": "~1.5"
            },
            "suggest": {
                "ext-intl": "*"
            },
            "type": "library",
            "extra": {
                "branch-alias": {
                    "dev-master": "1.5.x-dev"
                }
            },
            "autoload": {
                "psr-4": {
                    "Faker\\": "src/Faker/"
                }
            },
            "notification-url": "https://packagist.org/downloads/",
            "license": [
                "MIT"
            ],
            "authors": [
                {
                    "name": "François Zaninotto"
                }
            ],
            "description": "Faker is a PHP library that generates fake data for you.",
            "keywords": [
                "data",
                "faker",
                "fixtures"
            ],
            "time": "2015-05-29 06:29:14"
        },
        {
            "name": "nette/mail",
            "version": "v2.3.3",
            "source": {
                "type": "git",
                "url": "https://github.com/nette/mail.git",
                "reference": "4ea303d96c6a80ffe357baf59d387f4fe2cfd412"
            },
            "dist": {
                "type": "zip",
                "url": "https://api.github.com/repos/nette/mail/zipball/4ea303d96c6a80ffe357baf59d387f4fe2cfd412",
                "reference": "4ea303d96c6a80ffe357baf59d387f4fe2cfd412",
                "shasum": ""
            },
            "require": {
                "ext-iconv": "*",
                "nette/utils": "~2.2",
                "php": ">=5.3.1"
            },
            "conflict": {
                "nette/nette": "<2.2"
            },
            "require-dev": {
                "nette/di": "~2.3",
                "nette/tester": "~1.3"
            },
            "suggest": {
                "ext-fileinfo": "to detect type of attached files"
            },
            "type": "library",
            "autoload": {
                "classmap": [
                    "src/"
                ]
            },
            "notification-url": "https://packagist.org/downloads/",
            "license": [
                "BSD-3-Clause",
                "GPL-2.0",
                "GPL-3.0"
            ],
            "authors": [
                {
                    "name": "David Grudl",
                    "homepage": "https://davidgrudl.com"
                },
                {
                    "name": "Nette Community",
                    "homepage": "https://nette.org/contributors"
                }
            ],
            "description": "Nette Mail: Sending E-mails",
            "homepage": "https://nette.org",
            "time": "2015-10-05 12:58:01"
        },
        {
            "name": "nette/utils",
            "version": "v2.3.6",
            "source": {
                "type": "git",
                "url": "https://github.com/nette/utils.git",
                "reference": "c9dfaec788eb65d5ef10cefed0ae63bc76febaa8"
            },
            "dist": {
                "type": "zip",
                "url": "https://api.github.com/repos/nette/utils/zipball/c9dfaec788eb65d5ef10cefed0ae63bc76febaa8",
                "reference": "c9dfaec788eb65d5ef10cefed0ae63bc76febaa8",
                "shasum": ""
            },
            "require": {
                "php": ">=5.3.1"
            },
            "conflict": {
                "nette/nette": "<2.2"
            },
            "require-dev": {
                "nette/tester": "~1.0"
            },
            "suggest": {
                "ext-gd": "to use Image",
                "ext-iconv": "to use Strings::webalize() and toAscii()",
                "ext-intl": "for script transliteration in Strings::webalize() and toAscii()",
                "ext-mbstring": "to use Strings::lower() etc..."
            },
            "type": "library",
            "autoload": {
                "classmap": [
                    "src/"
                ]
            },
            "notification-url": "https://packagist.org/downloads/",
            "license": [
                "BSD-3-Clause",
                "GPL-2.0",
                "GPL-3.0"
            ],
            "authors": [
                {
                    "name": "David Grudl",
                    "homepage": "https://davidgrudl.com"
                },
                {
                    "name": "Nette Community",
                    "homepage": "https://nette.org/contributors"
                }
            ],
            "description": "Nette Utility Classes",
            "homepage": "https://nette.org",
            "time": "2015-10-05 12:18:24"
        }
    ],
    "packages-dev": [],
    "aliases": [],
    "minimum-stability": "stable",
    "stability-flags": [],
    "prefer-stable": false,
    "prefer-lowest": false,
    "platform": [],
    "platform-dev": []
}
