{
    "_readme": [
        "This file locks the dependencies of your project to a known state",
        "Read more about it at https://getcomposer.org/doc/01-basic-usage.md#composer-lock-the-lock-file",
        "This file is @generated automatically"
    ],
    "hash": "67a297cb9a87cc820cbeb8a16805aa4d",
    "content-hash": "dd021d7a3b752840a902dfc8ba243389",
    "packages": [
        {
            "name": "ix-network/php-common-library",
            "version": "dev-master",
            "source": {
                "type": "git",
                "url": "https://git.oschina.net/fsgmhoward/IXNetwork-PHPLib.git",
                "reference": "f70600ae117eaf6c0360a8ab5bad99de493f7d23"
            },
            "type": "library",
            "autoload": {
                "psr-4": {
                    "IXNetwork\\Lib\\": "src/"
                }
            },
            "notification-url": "https://packagist.org/downloads/",
            "license": [
                "MIT"
            ],
            "authors": [
                {
                    "name": "Howard Liu",
                    "email": "howard@ixnet.work",
                    "homepage": "https://www.ixnet.work"
                }
            ],
            "description": "Some common PHP libraries",
            "keywords": [
                "logging",
                "mysql"
            ],
            "time": "2016-04-02 12:26:34"
        }
    ],
    "packages-dev": [],
    "aliases": [],
    "minimum-stability": "stable",
    "stability-flags": {
        "ix-network/php-common-library": 20
    },
    "prefer-stable": false,
    "prefer-lowest": false,
    "platform": {
        "php": ">=5.4.0"
    },
    "platform-dev": []
}
