{
    "_readme": [
        "This file locks the dependencies of your project to a known state",
        "Read more about it at http://getcomposer.org/doc/01-basic-usage.md#composer-lock-the-lock-file",
        "This file is @generated automatically"
    ],
    "hash": "44682e6d417fa83c5a729db60e9a863e",
    "packages": [
        {
            "name": "kenjis/ci-phpunit-test",
            "version": "dev-master",
            "source": {
                "type": "git",
                "url": "https://github.com/kenjis/ci-phpunit-test.git",
                "reference": "e93b60eb5b75df5a94c0249137c6d71186aacd0a",
                "mirrors": [
                    {
                        "url": "/%package%/%normalizedUrl%.%type%",
                        "preferred": true
                    }
                ]
            },
            "dist": {
                "type": "zip",
                "url": "https://api.github.com/repos/kenjis/ci-phpunit-test/zipball/e93b60eb5b75df5a94c0249137c6d71186aacd0a",
                "reference": "e93b60eb5b75df5a94c0249137c6d71186aacd0a",
                "shasum": "",
                "mirrors": [
                    {
                        "url": "http://pkg.phpcomposer.com/repo/packagist/dists/%package%/%version%/%reference%.%type%",
                        "preferred": true
                    }
                ]
            },
            "require": {
                "php": ">=5.4.0"
            },
            "type": "project",
            "extra": {
                "branch-alias": {
                    "dev-master": "1.0.x-dev"
                }
            },
            "notification-url": "https://packagist.org/downloads/",
            "license": [
                "MIT"
            ],
            "authors": [
                {
                    "name": "Kenji Suzuki",
                    "homepage": "https://github.com/kenjis/ci-phpunit-test"
                }
            ],
            "description": "An easier way to use PHPUnit with CodeIgniter 3.0",
            "keywords": [
                "codeigniter",
                "phpunit",
                "test",
                "unit testing"
            ],
            "time": "2015-05-12 02:00:14"
        }
    ],
    "packages-dev": [],
    "aliases": [],
    "minimum-stability": "dev",
    "stability-flags": {
        "kenjis/ci-phpunit-test": 20
    },
    "prefer-stable": false,
    "platform": [],
    "platform-dev": []
}
