{
    "_readme": [
        "This file locks the dependencies of your project to a known state",
        "Read more about it at https://getcomposer.org/doc/01-basic-usage.md#composer-lock-the-lock-file",
        "This file is @generated automatically"
    ],
    "hash": "51369f252a64b9ab10f04e3e9ee67037",
    "content-hash": "a0eceadbe7d1cb22dce06b3842a97dc3",
    "packages": [
        {
            "name": "fabpot/goutte",
            "version": "v3.2.1",
            "source": {
                "type": "git",
                "url": "https://github.com/FriendsOfPHP/Goutte.git",
                "reference": "db5c28f4a010b4161d507d5304e28a7ebf211638"
            },
            "dist": {
                "type": "zip",
                "url": "https://packagist.phpcomposer.com/files/FriendsOfPHP/Goutte/db5c28f4a010b4161d507d5304e28a7ebf211638.zip",
                "reference": "db5c28f4a010b4161d507d5304e28a7ebf211638",
                "shasum": ""
            },
            "require": {
                "guzzlehttp/guzzle": "^6.0",
                "php": ">=5.5.0",
                "symfony/browser-kit": "~2.1|~3.0",
                "symfony/css-selector": "~2.1|~3.0",
                "symfony/dom-crawler": "~2.1|~3.0"
            },
            "type": "application",
            "extra": {
                "branch-alias": {
                    "dev-master": "3.2-dev"
                }
            },
            "autoload": {
                "psr-4": {
                    "Goutte\\": "Goutte"
                }
            },
            "notification-url": "https://packagist.org/downloads/",
            "license": [
                "MIT"
            ],
            "authors": [
                {
                    "name": "Fabien Potencier",
                    "email": "fabien@symfony.com"
                }
            ],
            "description": "A simple PHP Web Scraper",
            "homepage": "https://github.com/FriendsOfPHP/Goutte",
            "keywords": [
                "scraper"
            ],
            "time": "2017-01-03 13:21:43"
        },
        {
            "name": "guzzlehttp/guzzle",
            "version": "6.2.2",
            "source": {
                "type": "git",
                "url": "https://github.com/guzzle/guzzle.git",
                "reference": "ebf29dee597f02f09f4d5bbecc68230ea9b08f60"
            },
            "dist": {
                "type": "zip",
                "url": "https://packagist.phpcomposer.com/files/guzzle/guzzle/ebf29dee597f02f09f4d5bbecc68230ea9b08f60.zip",
                "reference": "ebf29dee597f02f09f4d5bbecc68230ea9b08f60",
                "shasum": ""
            },
            "require": {
                "guzzlehttp/promises": "^1.0",
                "guzzlehttp/psr7": "^1.3.1",
                "php": ">=5.5"
            },
            "require-dev": {
                "ext-curl": "*",
                "phpunit/phpunit": "^4.0",
                "psr/log": "^1.0"
            },
            "type": "library",
            "extra": {
                "branch-alias": {
                    "dev-master": "6.2-dev"
                }
            },
            "autoload": {
                "files": [
                    "src/functions_include.php"
                ],
                "psr-4": {
                    "GuzzleHttp\\": "src/"
                }
            },
            "notification-url": "https://packagist.org/downloads/",
            "license": [
                "MIT"
            ],
            "authors": [
                {
                    "name": "Michael Dowling",
                    "email": "mtdowling@gmail.com",
                    "homepage": "https://github.com/mtdowling"
                }
            ],
            "description": "Guzzle is a PHP HTTP client library",
            "homepage": "http://guzzlephp.org/",
            "keywords": [
                "client",
                "curl",
                "framework",
                "http",
                "http client",
                "rest",
                "web service"
            ],
            "time": "2016-10-08 15:01:37"
        },
        {
            "name": "guzzlehttp/promises",
            "version": "v1.3.1",
            "source": {
                "type": "git",
                "url": "https://github.com/guzzle/promises.git",
                "reference": "a59da6cf61d80060647ff4d3eb2c03a2bc694646"
            },
            "dist": {
                "type": "zip",
                "url": "https://packagist.phpcomposer.com/files/guzzle/promises/a59da6cf61d80060647ff4d3eb2c03a2bc694646.zip",
                "reference": "a59da6cf61d80060647ff4d3eb2c03a2bc694646",
                "shasum": ""
            },
            "require": {
                "php": ">=5.5.0"
            },
            "require-dev": {
                "phpunit/phpunit": "^4.0"
            },
            "type": "library",
            "extra": {
                "branch-alias": {
                    "dev-master": "1.4-dev"
                }
            },
            "autoload": {
                "psr-4": {
                    "GuzzleHttp\\Promise\\": "src/"
                },
                "files": [
                    "src/functions_include.php"
                ]
            },
            "notification-url": "https://packagist.org/downloads/",
            "license": [
                "MIT"
            ],
            "authors": [
                {
                    "name": "Michael Dowling",
                    "email": "mtdowling@gmail.com",
                    "homepage": "https://github.com/mtdowling"
                }
            ],
            "description": "Guzzle promises library",
            "keywords": [
                "promise"
            ],
            "time": "2016-12-20 10:07:11"
        },
        {
            "name": "guzzlehttp/psr7",
            "version": "1.3.1",
            "source": {
                "type": "git",
                "url": "https://github.com/guzzle/psr7.git",
                "reference": "5c6447c9df362e8f8093bda8f5d8873fe5c7f65b"
            },
            "dist": {
                "type": "zip",
                "url": "https://packagist.phpcomposer.com/files/guzzle/psr7/5c6447c9df362e8f8093bda8f5d8873fe5c7f65b.zip",
                "reference": "5c6447c9df362e8f8093bda8f5d8873fe5c7f65b",
                "shasum": ""
            },
            "require": {
                "php": ">=5.4.0",
                "psr/http-message": "~1.0"
            },
            "provide": {
                "psr/http-message-implementation": "1.0"
            },
            "require-dev": {
                "phpunit/phpunit": "~4.0"
            },
            "type": "library",
            "extra": {
                "branch-alias": {
                    "dev-master": "1.4-dev"
                }
            },
            "autoload": {
                "psr-4": {
                    "GuzzleHttp\\Psr7\\": "src/"
                },
                "files": [
                    "src/functions_include.php"
                ]
            },
            "notification-url": "https://packagist.org/downloads/",
            "license": [
                "MIT"
            ],
            "authors": [
                {
                    "name": "Michael Dowling",
                    "email": "mtdowling@gmail.com",
                    "homepage": "https://github.com/mtdowling"
                }
            ],
            "description": "PSR-7 message implementation",
            "keywords": [
                "http",
                "message",
                "stream",
                "uri"
            ],
            "time": "2016-06-24 23:00:38"
        },
        {
            "name": "j4mie/idiorm",
            "version": "v1.5.2",
            "source": {
                "type": "git",
                "url": "https://github.com/j4mie/idiorm.git",
                "reference": "00b5fcd6e615a8572577eae401f80e41525efd5e"
            },
            "dist": {
                "type": "zip",
                "url": "https://packagist.phpcomposer.com/files/j4mie/idiorm/00b5fcd6e615a8572577eae401f80e41525efd5e.zip",
                "reference": "00b5fcd6e615a8572577eae401f80e41525efd5e",
                "shasum": ""
            },
            "require": {
                "php": ">=5.2.0"
            },
            "require-dev": {
                "phpunit/phpunit": "^5.6"
            },
            "type": "library",
            "autoload": {
                "classmap": [
                    "idiorm.php"
                ]
            },
            "notification-url": "https://packagist.org/downloads/",
            "license": [
                "BSD-2-Clause",
                "BSD-3-Clause",
                "BSD-4-Clause"
            ],
            "authors": [
                {
                    "name": "Simon Holywell",
                    "email": "treffynnon@php.net",
                    "homepage": "http://simonholywell.com",
                    "role": "Maintainer"
                },
                {
                    "name": "Jamie Matthews",
                    "email": "jamie.matthews@gmail.com",
                    "homepage": "http://j4mie.org",
                    "role": "Developer"
                },
                {
                    "name": "Durham Hale",
                    "email": "me@durhamhale.com",
                    "homepage": "http://durhamhale.com",
                    "role": "Maintainer"
                }
            ],
            "description": "A lightweight nearly-zero-configuration object-relational mapper and fluent query builder for PHP5",
            "homepage": "http://j4mie.github.com/idiormandparis",
            "keywords": [
                "idiorm",
                "orm",
                "query builder"
            ],
            "time": "2016-12-14 06:28:26"
        },
        {
            "name": "j4mie/paris",
            "version": "v1.5.4",
            "source": {
                "type": "git",
                "url": "https://github.com/j4mie/paris.git",
                "reference": "6cd7a3d8ffb721068dd58e508a8121b92b4068b8"
            },
            "dist": {
                "type": "zip",
                "url": "https://packagist.phpcomposer.com/files/j4mie/paris/6cd7a3d8ffb721068dd58e508a8121b92b4068b8.zip",
                "reference": "6cd7a3d8ffb721068dd58e508a8121b92b4068b8",
                "shasum": ""
            },
            "require": {
                "j4mie/idiorm": "1.5.*",
                "php": ">=5.2.0"
            },
            "type": "library",
            "autoload": {
                "classmap": [
                    "paris.php"
                ]
            },
            "notification-url": "https://packagist.org/downloads/",
            "license": [
                "BSD-2-Clause",
                "BSD-3-Clause",
                "BSD-4-Clause"
            ],
            "authors": [
                {
                    "name": "Simon Holywell",
                    "email": "treffynnon@php.net",
                    "homepage": "http://simonholywell.com",
                    "role": "Maintainer"
                },
                {
                    "name": "Jamie Matthews",
                    "email": "jamie.matthews@gmail.com",
                    "homepage": "http://j4mie.org",
                    "role": "Developer"
                },
                {
                    "name": "Durham Hale",
                    "email": "me@durhamhale.com",
                    "homepage": "http://durhamhale.com",
                    "role": "Maintainer"
                }
            ],
            "description": "A lightweight Active Record implementation for PHP5, built on top of Idiorm",
            "homepage": "http://j4mie.github.com/idiormandparis",
            "keywords": [
                "Active Record",
                "model",
                "orm",
                "paris"
            ],
            "time": "2014-09-23 10:49:36"
        },
        {
            "name": "michelf/php-markdown",
            "version": "1.7.0",
            "source": {
                "type": "git",
                "url": "https://github.com/michelf/php-markdown.git",
                "reference": "1f51cc520948f66cd2af8cbc45a5ee175e774220"
            },
            "dist": {
                "type": "zip",
                "url": "https://packagist.phpcomposer.com/files/michelf/php-markdown/1f51cc520948f66cd2af8cbc45a5ee175e774220.zip",
                "reference": "1f51cc520948f66cd2af8cbc45a5ee175e774220",
                "shasum": ""
            },
            "require": {
                "php": ">=5.3.0"
            },
            "type": "library",
            "extra": {
                "branch-alias": {
                    "dev-lib": "1.4.x-dev"
                }
            },
            "autoload": {
                "psr-0": {
                    "Michelf": ""
                }
            },
            "notification-url": "https://packagist.org/downloads/",
            "license": [
                "BSD-3-Clause"
            ],
            "authors": [
                {
                    "name": "Michel Fortin",
                    "email": "michel.fortin@michelf.ca",
                    "homepage": "https://michelf.ca/",
                    "role": "Developer"
                },
                {
                    "name": "John Gruber",
                    "homepage": "https://daringfireball.net/"
                }
            ],
            "description": "PHP Markdown",
            "homepage": "https://michelf.ca/projects/php-markdown/",
            "keywords": [
                "markdown"
            ],
            "time": "2016-10-29 18:58:20"
        },
        {
            "name": "nikic/php-parser",
            "version": "v2.1.1",
            "source": {
                "type": "git",
                "url": "https://github.com/nikic/PHP-Parser.git",
                "reference": "4dd659edadffdc2143e4753df655d866dbfeedf0"
            },
            "dist": {
                "type": "zip",
                "url": "https://packagist.phpcomposer.com/files/nikic/PHP-Parser/4dd659edadffdc2143e4753df655d866dbfeedf0.zip",
                "reference": "4dd659edadffdc2143e4753df655d866dbfeedf0",
                "shasum": ""
            },
            "require": {
                "ext-tokenizer": "*",
                "php": ">=5.4"
            },
            "require-dev": {
                "phpunit/phpunit": "~4.0"
            },
            "bin": [
                "bin/php-parse"
            ],
            "type": "library",
            "extra": {
                "branch-alias": {
                    "dev-master": "2.1-dev"
                }
            },
            "autoload": {
                "psr-4": {
                    "PhpParser\\": "lib/PhpParser"
                }
            },
            "notification-url": "https://packagist.org/downloads/",
            "license": [
                "BSD-3-Clause"
            ],
            "authors": [
                {
                    "name": "Nikita Popov"
                }
            ],
            "description": "A PHP parser written in PHP",
            "keywords": [
                "parser",
                "php"
            ],
            "time": "2016-09-16 12:04:44"
        },
        {
            "name": "phpoffice/phpexcel",
            "version": "1.8.1",
            "source": {
                "type": "git",
                "url": "https://github.com/PHPOffice/PHPExcel.git",
                "reference": "372c7cbb695a6f6f1e62649381aeaa37e7e70b32"
            },
            "dist": {
                "type": "zip",
                "url": "https://packagist.phpcomposer.com/files/PHPOffice/PHPExcel/372c7cbb695a6f6f1e62649381aeaa37e7e70b32.zip",
                "reference": "372c7cbb695a6f6f1e62649381aeaa37e7e70b32",
                "shasum": ""
            },
            "require": {
                "ext-xml": "*",
                "ext-xmlwriter": "*",
                "php": ">=5.2.0"
            },
            "type": "library",
            "autoload": {
                "psr-0": {
                    "PHPExcel": "Classes/"
                }
            },
            "notification-url": "https://packagist.org/downloads/",
            "license": [
                "LGPL"
            ],
            "authors": [
                {
                    "name": "Maarten Balliauw",
                    "homepage": "http://blog.maartenballiauw.be"
                },
                {
                    "name": "Mark Baker"
                },
                {
                    "name": "Franck Lefevre",
                    "homepage": "http://blog.rootslabs.net"
                },
                {
                    "name": "Erik Tilt"
                }
            ],
            "description": "PHPExcel - OpenXML - Read, Create and Write Spreadsheet documents in PHP - Spreadsheet engine",
            "homepage": "http://phpexcel.codeplex.com",
            "keywords": [
                "OpenXML",
                "excel",
                "php",
                "spreadsheet",
                "xls",
                "xlsx"
            ],
            "time": "2015-05-01 07:00:55"
        },
        {
            "name": "psr/http-message",
            "version": "1.0.1",
            "source": {
                "type": "git",
                "url": "https://github.com/php-fig/http-message.git",
                "reference": "f6561bf28d520154e4b0ec72be95418abe6d9363"
            },
            "dist": {
                "type": "zip",
                "url": "https://packagist.phpcomposer.com/files/php-fig/http-message/f6561bf28d520154e4b0ec72be95418abe6d9363.zip",
                "reference": "f6561bf28d520154e4b0ec72be95418abe6d9363",
                "shasum": ""
            },
            "require": {
                "php": ">=5.3.0"
            },
            "type": "library",
            "extra": {
                "branch-alias": {
                    "dev-master": "1.0.x-dev"
                }
            },
            "autoload": {
                "psr-4": {
                    "Psr\\Http\\Message\\": "src/"
                }
            },
            "notification-url": "https://packagist.org/downloads/",
            "license": [
                "MIT"
            ],
            "authors": [
                {
                    "name": "PHP-FIG",
                    "homepage": "http://www.php-fig.org/"
                }
            ],
            "description": "Common interface for HTTP messages",
            "homepage": "https://github.com/php-fig/http-message",
            "keywords": [
                "http",
                "http-message",
                "psr",
                "psr-7",
                "request",
                "response"
            ],
            "time": "2016-08-06 14:39:51"
        },
        {
            "name": "respect/validation",
            "version": "1.1.10",
            "source": {
                "type": "git",
                "url": "https://github.com/Respect/Validation.git",
                "reference": "710e807a68aa79b992d85defb60b36a59745ae91"
            },
            "dist": {
                "type": "zip",
                "url": "https://packagist.phpcomposer.com/files/Respect/Validation/710e807a68aa79b992d85defb60b36a59745ae91.zip",
                "reference": "710e807a68aa79b992d85defb60b36a59745ae91",
                "shasum": ""
            },
            "require": {
                "php": ">=5.4",
                "symfony/polyfill-mbstring": "^1.2"
            },
            "require-dev": {
                "egulias/email-validator": "~1.2",
                "malkusch/bav": "~1.0",
                "mikey179/vfsstream": "^1.5",
                "phpunit/phpunit": "~4.0",
                "symfony/validator": "~2.6.9",
                "zendframework/zend-validator": "~2.3"
            },
            "suggest": {
                "egulias/email-validator": "Strict (RFC compliant) email validation",
                "ext-bcmath": "Arbitrary Precision Mathematics",
                "ext-mbstring": "Multibyte String Functions",
                "fabpot/php-cs-fixer": "Fix PSR2 and other coding style issues",
                "malkusch/bav": "German bank account validation",
                "symfony/validator": "Use Symfony validator through Respect\\Validation",
                "zendframework/zend-validator": "Use Zend Framework validator through Respect\\Validation"
            },
            "type": "library",
            "extra": {
                "branch-alias": {
                    "dev-master": "1.1-dev"
                }
            },
            "autoload": {
                "psr-4": {
                    "Respect\\Validation\\": "library/"
                }
            },
            "notification-url": "https://packagist.org/downloads/",
            "license": [
                "BSD Style"
            ],
            "authors": [
                {
                    "name": "Respect/Validation Contributors",
                    "homepage": "https://github.com/Respect/Validation/graphs/contributors"
                }
            ],
            "description": "The most awesome validation engine ever created for PHP",
            "homepage": "http://respect.github.io/Validation/",
            "keywords": [
                "respect",
                "validation",
                "validator"
            ],
            "time": "2016-10-29 13:29:17"
        },
        {
            "name": "symfony/browser-kit",
            "version": "v3.2.1",
            "source": {
                "type": "git",
                "url": "https://github.com/symfony/browser-kit.git",
                "reference": "34348c2691ce6254e8e008026f4c5e72c22bb318"
            },
            "dist": {
                "type": "zip",
                "url": "https://packagist.phpcomposer.com/files/symfony/browser-kit/34348c2691ce6254e8e008026f4c5e72c22bb318.zip",
                "reference": "34348c2691ce6254e8e008026f4c5e72c22bb318",
                "shasum": ""
            },
            "require": {
                "php": ">=5.5.9",
                "symfony/dom-crawler": "~2.8|~3.0"
            },
            "require-dev": {
                "symfony/css-selector": "~2.8|~3.0",
                "symfony/process": "~2.8|~3.0"
            },
            "suggest": {
                "symfony/process": ""
            },
            "type": "library",
            "extra": {
                "branch-alias": {
                    "dev-master": "3.2-dev"
                }
            },
            "autoload": {
                "psr-4": {
                    "Symfony\\Component\\BrowserKit\\": ""
                },
                "exclude-from-classmap": [
                    "/Tests/"
                ]
            },
            "notification-url": "https://packagist.org/downloads/",
            "license": [
                "MIT"
            ],
            "authors": [
                {
                    "name": "Fabien Potencier",
                    "email": "fabien@symfony.com"
                },
                {
                    "name": "Symfony Community",
                    "homepage": "https://symfony.com/contributors"
                }
            ],
            "description": "Symfony BrowserKit Component",
            "homepage": "https://symfony.com",
            "time": "2016-10-13 13:35:11"
        },
        {
            "name": "symfony/css-selector",
            "version": "v3.2.1",
            "source": {
                "type": "git",
                "url": "https://github.com/symfony/css-selector.git",
                "reference": "e1241f275814827c411d922ba8e64cf2a00b2994"
            },
            "dist": {
                "type": "zip",
                "url": "https://packagist.phpcomposer.com/files/symfony/css-selector/e1241f275814827c411d922ba8e64cf2a00b2994.zip",
                "reference": "e1241f275814827c411d922ba8e64cf2a00b2994",
                "shasum": ""
            },
            "require": {
                "php": ">=5.5.9"
            },
            "type": "library",
            "extra": {
                "branch-alias": {
                    "dev-master": "3.2-dev"
                }
            },
            "autoload": {
                "psr-4": {
                    "Symfony\\Component\\CssSelector\\": ""
                },
                "exclude-from-classmap": [
                    "/Tests/"
                ]
            },
            "notification-url": "https://packagist.org/downloads/",
            "license": [
                "MIT"
            ],
            "authors": [
                {
                    "name": "Jean-François Simon",
                    "email": "jeanfrancois.simon@sensiolabs.com"
                },
                {
                    "name": "Fabien Potencier",
                    "email": "fabien@symfony.com"
                },
                {
                    "name": "Symfony Community",
                    "homepage": "https://symfony.com/contributors"
                }
            ],
            "description": "Symfony CssSelector Component",
            "homepage": "https://symfony.com",
            "time": "2016-11-03 08:11:03"
        },
        {
            "name": "symfony/dom-crawler",
            "version": "v3.2.1",
            "source": {
                "type": "git",
                "url": "https://github.com/symfony/dom-crawler.git",
                "reference": "1638c7534a8a2fa0bf9e979f9aacb6d7e8e9e24e"
            },
            "dist": {
                "type": "zip",
                "url": "https://packagist.phpcomposer.com/files/symfony/dom-crawler/1638c7534a8a2fa0bf9e979f9aacb6d7e8e9e24e.zip",
                "reference": "1638c7534a8a2fa0bf9e979f9aacb6d7e8e9e24e",
                "shasum": ""
            },
            "require": {
                "php": ">=5.5.9",
                "symfony/polyfill-mbstring": "~1.0"
            },
            "require-dev": {
                "symfony/css-selector": "~2.8|~3.0"
            },
            "suggest": {
                "symfony/css-selector": ""
            },
            "type": "library",
            "extra": {
                "branch-alias": {
                    "dev-master": "3.2-dev"
                }
            },
            "autoload": {
                "psr-4": {
                    "Symfony\\Component\\DomCrawler\\": ""
                },
                "exclude-from-classmap": [
                    "/Tests/"
                ]
            },
            "notification-url": "https://packagist.org/downloads/",
            "license": [
                "MIT"
            ],
            "authors": [
                {
                    "name": "Fabien Potencier",
                    "email": "fabien@symfony.com"
                },
                {
                    "name": "Symfony Community",
                    "homepage": "https://symfony.com/contributors"
                }
            ],
            "description": "Symfony DomCrawler Component",
            "homepage": "https://symfony.com",
            "time": "2016-12-10 14:24:53"
        },
        {
            "name": "symfony/polyfill-mbstring",
            "version": "v1.3.0",
            "source": {
                "type": "git",
                "url": "https://github.com/symfony/polyfill-mbstring.git",
                "reference": "e79d363049d1c2128f133a2667e4f4190904f7f4"
            },
            "dist": {
                "type": "zip",
                "url": "https://packagist.phpcomposer.com/files/symfony/polyfill-mbstring/e79d363049d1c2128f133a2667e4f4190904f7f4.zip",
                "reference": "e79d363049d1c2128f133a2667e4f4190904f7f4",
                "shasum": ""
            },
            "require": {
                "php": ">=5.3.3"
            },
            "suggest": {
                "ext-mbstring": "For best performance"
            },
            "type": "library",
            "extra": {
                "branch-alias": {
                    "dev-master": "1.3-dev"
                }
            },
            "autoload": {
                "psr-4": {
                    "Symfony\\Polyfill\\Mbstring\\": ""
                },
                "files": [
                    "bootstrap.php"
                ]
            },
            "notification-url": "https://packagist.org/downloads/",
            "license": [
                "MIT"
            ],
            "authors": [
                {
                    "name": "Nicolas Grekas",
                    "email": "p@tchwork.com"
                },
                {
                    "name": "Symfony Community",
                    "homepage": "https://symfony.com/contributors"
                }
            ],
            "description": "Symfony polyfill for the Mbstring extension",
            "homepage": "https://symfony.com",
            "keywords": [
                "compatibility",
                "mbstring",
                "polyfill",
                "portable",
                "shim"
            ],
            "time": "2016-11-14 01:06:16"
        },
        {
            "name": "timetoogo/pinq",
            "version": "3.3.1",
            "source": {
                "type": "git",
                "url": "https://github.com/TimeToogo/Pinq.git",
                "reference": "8ccbb2a7134fc1cf9bd8ce9da833d037ae4d780c"
            },
            "dist": {
                "type": "zip",
                "url": "https://packagist.phpcomposer.com/files/TimeToogo/Pinq/8ccbb2a7134fc1cf9bd8ce9da833d037ae4d780c.zip",
                "reference": "8ccbb2a7134fc1cf9bd8ce9da833d037ae4d780c",
                "shasum": ""
            },
            "require": {
                "nikic/php-parser": "~2.1.0",
                "php": ">=5.4.0"
            },
            "require-dev": {
                "doctrine/cache": "1.5.*",
                "phpunit/phpunit": "4.8.*",
                "satooshi/php-coveralls": "1.0.*"
            },
            "type": "library",
            "autoload": {
                "psr-4": {
                    "Pinq\\": "Source/"
                }
            },
            "notification-url": "https://packagist.org/downloads/",
            "license": [
                "MIT"
            ],
            "authors": [
                {
                    "name": "Elliot Levin",
                    "email": "elliotlevin@hotmail.com"
                }
            ],
            "description": "PHP Integrated Query - A real LINQ library for PHP",
            "homepage": "http://www.github.com/TimeToogo/Pinq",
            "keywords": [
                "collection",
                "pinq",
                "query"
            ],
            "time": "2016-08-30 06:42:36"
        }
    ],
    "packages-dev": [],
    "aliases": [],
    "minimum-stability": "stable",
    "stability-flags": [],
    "prefer-stable": false,
    "prefer-lowest": false,
    "platform": [],
    "platform-dev": []
}
