{
    "_readme": [
        "This file locks the dependencies of your project to a known state",
        "Read more about it at http://getcomposer.org/doc/01-basic-usage.md#composer-lock-the-lock-file",
        "This file is @generated automatically"
    ],
    "hash": "accaca6077745eed5e691fad1c15bc9b",
    "packages": [
        {
            "name": "nette/utils",
            "version": "dev-master",
            "source": {
                "type": "git",
                "url": "https://github.com/nette/utils.git",
                "reference": "d313999e0fa64c48fe96d44d7d043b6344ee1518"
            },
            "dist": {
                "type": "zip",
                "url": "https://api.github.com/repos/nette/utils/zipball/d313999e0fa64c48fe96d44d7d043b6344ee1518",
                "reference": "d313999e0fa64c48fe96d44d7d043b6344ee1518",
                "shasum": ""
            },
            "require": {
                "php": ">=5.3.1"
            },
            "conflict": {
                "nette/nette": "<2.2"
            },
            "require-dev": {
                "nette/tester": "~1.0"
            },
            "suggest": {
                "ext-gd": "to use Image",
                "ext-iconv": "to use Strings::webalize() and toAscii()",
                "ext-intl": "for script transliteration in Strings::webalize() and toAscii()",
                "ext-mbstring": "to use Strings::lower() etc..."
            },
            "type": "library",
            "extra": {
                "branch-alias": {
                    "dev-master": "2.3-dev"
                }
            },
            "autoload": {
                "classmap": [
                    "src/"
                ]
            },
            "notification-url": "https://packagist.org/downloads/",
            "license": [
                "BSD-3-Clause",
                "GPL-2.0",
                "GPL-3.0"
            ],
            "authors": [
                {
                    "name": "David Grudl",
                    "homepage": "http://davidgrudl.com"
                },
                {
                    "name": "Nette Community",
                    "homepage": "http://nette.org/contributors"
                }
            ],
            "description": "Nette Utility Classes",
            "homepage": "http://nette.org",
            "time": "2015-02-26 08:08:08"
        }
    ],
    "packages-dev": [
        {
            "name": "nette/di",
            "version": "dev-master",
            "source": {
                "type": "git",
                "url": "https://github.com/nette/di.git",
                "reference": "7ddd6d2f1083e3328a3b6591b8441b94dde190d6"
            },
            "dist": {
                "type": "zip",
                "url": "https://api.github.com/repos/nette/di/zipball/7ddd6d2f1083e3328a3b6591b8441b94dde190d6",
                "reference": "7ddd6d2f1083e3328a3b6591b8441b94dde190d6",
                "shasum": ""
            },
            "require": {
                "nette/neon": "~2.3",
                "nette/php-generator": "~2.3",
                "nette/utils": "~2.3",
                "php": ">=5.3.1"
            },
            "conflict": {
                "nette/nette": "<2.2"
            },
            "require-dev": {
                "nette/tester": "~1.3"
            },
            "type": "library",
            "extra": {
                "branch-alias": {
                    "dev-master": "2.3-dev"
                }
            },
            "autoload": {
                "classmap": [
                    "src/"
                ]
            },
            "notification-url": "https://packagist.org/downloads/",
            "license": [
                "BSD-3-Clause",
                "GPL-2.0",
                "GPL-3.0"
            ],
            "authors": [
                {
                    "name": "David Grudl",
                    "homepage": "http://davidgrudl.com"
                },
                {
                    "name": "Nette Community",
                    "homepage": "http://nette.org/contributors"
                }
            ],
            "description": "Nette Dependency Injection Component",
            "homepage": "http://nette.org",
            "time": "2015-03-12 15:17:50"
        },
        {
            "name": "nette/neon",
            "version": "dev-master",
            "source": {
                "type": "git",
                "url": "https://github.com/nette/neon.git",
                "reference": "c14c3ae106fbf11bef6dfc3ec7668c59bdd7f58e"
            },
            "dist": {
                "type": "zip",
                "url": "https://api.github.com/repos/nette/neon/zipball/c14c3ae106fbf11bef6dfc3ec7668c59bdd7f58e",
                "reference": "c14c3ae106fbf11bef6dfc3ec7668c59bdd7f58e",
                "shasum": ""
            },
            "require": {
                "ext-iconv": "*",
                "php": ">=5.3.1"
            },
            "require-dev": {
                "nette/tester": "~1.0"
            },
            "type": "library",
            "extra": {
                "branch-alias": {
                    "dev-master": "2.3-dev"
                }
            },
            "autoload": {
                "classmap": [
                    "src/"
                ]
            },
            "notification-url": "https://packagist.org/downloads/",
            "license": [
                "BSD-3-Clause",
                "GPL-2.0",
                "GPL-3.0"
            ],
            "authors": [
                {
                    "name": "David Grudl",
                    "homepage": "http://davidgrudl.com"
                },
                {
                    "name": "Nette Community",
                    "homepage": "http://nette.org/contributors"
                }
            ],
            "description": "Nette NEON: parser & generator for Nette Object Notation",
            "homepage": "http://ne-on.org",
            "time": "2015-02-17 21:10:16"
        },
        {
            "name": "nette/php-generator",
            "version": "dev-master",
            "source": {
                "type": "git",
                "url": "https://github.com/nette/php-generator.git",
                "reference": "bb8439b73fab9f403a7fa0d61e4c1913f75200ff"
            },
            "dist": {
                "type": "zip",
                "url": "https://api.github.com/repos/nette/php-generator/zipball/bb8439b73fab9f403a7fa0d61e4c1913f75200ff",
                "reference": "bb8439b73fab9f403a7fa0d61e4c1913f75200ff",
                "shasum": ""
            },
            "require": {
                "nette/utils": "~2.2",
                "php": ">=5.3.1"
            },
            "conflict": {
                "nette/nette": "<2.2"
            },
            "require-dev": {
                "nette/tester": "~1.0"
            },
            "type": "library",
            "extra": {
                "branch-alias": {
                    "dev-master": "2.3-dev"
                }
            },
            "autoload": {
                "classmap": [
                    "src/"
                ]
            },
            "notification-url": "https://packagist.org/downloads/",
            "license": [
                "BSD-3-Clause",
                "GPL-2.0",
                "GPL-3.0"
            ],
            "authors": [
                {
                    "name": "David Grudl",
                    "homepage": "http://davidgrudl.com"
                },
                {
                    "name": "Nette Community",
                    "homepage": "http://nette.org/contributors"
                }
            ],
            "description": "Nette PHP Generator",
            "homepage": "http://nette.org",
            "time": "2015-02-18 17:11:05"
        },
        {
            "name": "nette/tester",
            "version": "dev-master",
            "source": {
                "type": "git",
                "url": "https://github.com/nette/tester.git",
                "reference": "f3bf32d831dc462a66d9a115f4345397335e658b"
            },
            "dist": {
                "type": "zip",
                "url": "https://api.github.com/repos/nette/tester/zipball/f3bf32d831dc462a66d9a115f4345397335e658b",
                "reference": "f3bf32d831dc462a66d9a115f4345397335e658b",
                "shasum": ""
            },
            "require": {
                "php": ">=5.3.0"
            },
            "bin": [
                "Tester/tester"
            ],
            "type": "library",
            "extra": {
                "branch-alias": {
                    "dev-master": "1.3-dev"
                }
            },
            "autoload": {
                "classmap": [
                    "Tester/"
                ]
            },
            "notification-url": "https://packagist.org/downloads/",
            "license": [
                "BSD-3-Clause",
                "GPL-2.0",
                "GPL-3.0"
            ],
            "authors": [
                {
                    "name": "David Grudl",
                    "homepage": "http://davidgrudl.com"
                },
                {
                    "name": "Nette Community",
                    "homepage": "http://nette.org/contributors"
                }
            ],
            "description": "An easy-to-use PHP unit testing framework.",
            "homepage": "http://nette.org",
            "keywords": [
                "nette",
                "testing",
                "unit"
            ],
            "time": "2015-02-26 08:07:42"
        }
    ],
    "aliases": [],
    "minimum-stability": "dev",
    "stability-flags": [],
    "prefer-stable": false,
    "prefer-lowest": false,
    "platform": {
        "php": ">=5.3.1",
        "ext-iconv": "*"
    },
    "platform-dev": []
}
