{
    "_readme": [
        "This file locks the dependencies of your project to a known state",
        "Read more about it at https://getcomposer.org/doc/01-basic-usage.md#composer-lock-the-lock-file",
        "This file is @generated automatically"
    ],
    "hash": "add6304de21092e162db2a72cf284f24",
    "content-hash": "e459f5bf6d6fa7d3bb4b5f2d0f49f927",
    "packages": [
        {
            "name": "betephp/framework",
            "version": "v1.1.9",
            "source": {
                "type": "git",
                "url": "https://github.com/betephp/framework.git",
                "reference": "fef2ec5c88c51828586bf6ae99ad3d63a2877aec"
            },
            "dist": {
                "type": "zip",
                "url": "https://api.github.com/repos/betephp/framework/zipball/fef2ec5c88c51828586bf6ae99ad3d63a2877aec",
                "reference": "fef2ec5c88c51828586bf6ae99ad3d63a2877aec",
                "shasum": ""
            },
            "require": {
                "php": ">=5.4.0"
            },
            "require-dev": {
                "phpunit/phpunit": "~4.4"
            },
            "type": "library",
            "autoload": {
                "files": [
                    "src/Bete/Support/helpers.php"
                ],
                "psr-4": {
                    "Bete\\": "src/Bete/"
                }
            },
            "notification-url": "https://packagist.org/downloads/",
            "license": [
                "MIT"
            ],
            "authors": [
                {
                    "name": "Ecco Zhou",
                    "email": "eccozhou@gmail.com"
                }
            ],
            "description": "The BetePHP Framework.",
            "homepage": "https://betephp.com",
            "keywords": [
                "betephp",
                "framework"
            ],
            "time": "2017-02-19 12:38:48"
        }
    ],
    "packages-dev": [],
    "aliases": [],
    "minimum-stability": "stable",
    "stability-flags": [],
    "prefer-stable": false,
    "prefer-lowest": false,
    "platform": {
        "php": ">=5.4.0"
    },
    "platform-dev": []
}
