{
    "_readme": [
        "This file locks the dependencies of your project to a known state",
        "Read more about it at https://getcomposer.org/doc/01-basic-usage.md#composer-lock-the-lock-file",
        "This file is @generated automatically"
    ],
    "content-hash": "b92d99967f1bd9a80b39ae9164c1d208",
    "packages": [
        {
            "name": "cocolait/sys_oauth",
            "version": "1.1",
            "source": {
                "type": "git",
                "url": "https://github.com/cocolait/sys_oauth.git",
                "reference": "138bf6fb93f6fcba379d4adf96403085b48576d7"
            },
            "dist": {
                "type": "zip",
                "url": "https://files.phpcomposer.com/files/cocolait/sys_oauth/138bf6fb93f6fcba379d4adf96403085b48576d7.zip",
                "reference": "138bf6fb93f6fcba379d4adf96403085b48576d7",
                "shasum": ""
            },
            "require": {
                "php": ">=5.3.0"
            },
            "type": "library",
            "autoload": {
                "psr-4": {
                    "Cp\\Sys\\": "src/"
                },
                "files": [
                    "src/helper.php"
                ]
            },
            "notification-url": "https://packagist.org/downloads/",
            "license": [
                "apache"
            ],
            "authors": [
                {
                    "name": "cocolait",
                    "email": "enkipen@qq.com"
                }
            ],
            "description": "thinkphp 3.x weixin weibo qq sns oauth",
            "time": "2017-09-09T11:54:55+00:00"
        }
    ],
    "packages-dev": [],
    "aliases": [],
    "minimum-stability": "dev",
    "stability-flags": [],
    "prefer-stable": false,
    "prefer-lowest": false,
    "platform": {
        "php": ">=5.3.0"
    },
    "platform-dev": []
}
