// !$*UTF8*$!
{
	archiveVersion = 1;
	classes = {
	};
	objectVersion = 46;
	objects = {

/* Begin PBXBuildFile section */
		656A19F519E57C3100600177 /* AppDelegate.swift in Sources */ = {isa = PBXBuildFile; fileRef = 656A19F419E57C3100600177 /* AppDelegate.swift */; };
		656A19F719E57C3100600177 /* ViewController.swift in Sources */ = {isa = PBXBuildFile; fileRef = 656A19F619E57C3100600177 /* ViewController.swift */; };
		656A19FA19E57C3100600177 /* Main.storyboard in Resources */ = {isa = PBXBuildFile; fileRef = 656A19F819E57C3100600177 /* Main.storyboard */; };
		656A19FC19E57C3100600177 /* Images.xcassets in Resources */ = {isa = PBXBuildFile; fileRef = 656A19FB19E57C3100600177 /* Images.xcassets */; };
		656A19FF19E57C3100600177 /* LaunchScreen.xib in Resources */ = {isa = PBXBuildFile; fileRef = 656A19FD19E57C3100600177 /* LaunchScreen.xib */; };
		656A1A0B19E57C3100600177 /* postTests.swift in Sources */ = {isa = PBXBuildFile; fileRef = 656A1A0A19E57C3100600177 /* postTests.swift */; };
		658A71F51A4ED3E1008B9E02 /* NodeViewController.swift in Sources */ = {isa = PBXBuildFile; fileRef = 658A71F41A4ED3E1008B9E02 /* NodeViewController.swift */; };
		658A71F81A4ED48D008B9E02 /* Member.swift in Sources */ = {isa = PBXBuildFile; fileRef = 658A71F71A4ED48D008B9E02 /* Member.swift */; };
		658A71FA1A4ED4AA008B9E02 /* MemberViewController.swift in Sources */ = {isa = PBXBuildFile; fileRef = 658A71F91A4ED4AA008B9E02 /* MemberViewController.swift */; };
		65A8500519E57EC200D7DED7 /* Constant.swift in Sources */ = {isa = PBXBuildFile; fileRef = 65A8500419E57EC200D7DED7 /* Constant.swift */; };
		65A8500719E57EF600D7DED7 /* HttpClient.swift in Sources */ = {isa = PBXBuildFile; fileRef = 65A8500619E57EF600D7DED7 /* HttpClient.swift */; };
		65A8500C19E57F9D00D7DED7 /* PostViewController.swift in Sources */ = {isa = PBXBuildFile; fileRef = 65A8500B19E57F9D00D7DED7 /* PostViewController.swift */; };
		65A8500E19E57FC800D7DED7 /* AddPostViewController.swift in Sources */ = {isa = PBXBuildFile; fileRef = 65A8500D19E57FC800D7DED7 /* AddPostViewController.swift */; };
		65A8501019E57FFC00D7DED7 /* PostDetailViewController.swift in Sources */ = {isa = PBXBuildFile; fileRef = 65A8500F19E57FFC00D7DED7 /* PostDetailViewController.swift */; };
		65A8501219E5801F00D7DED7 /* Post.swift in Sources */ = {isa = PBXBuildFile; fileRef = 65A8501119E5801F00D7DED7 /* Post.swift */; };
		65A8501419E5807E00D7DED7 /* CommentViewController.swift in Sources */ = {isa = PBXBuildFile; fileRef = 65A8501319E5807E00D7DED7 /* CommentViewController.swift */; };
		65A8501619E580B600D7DED7 /* CommentDetailViewController.swift in Sources */ = {isa = PBXBuildFile; fileRef = 65A8501519E580B600D7DED7 /* CommentDetailViewController.swift */; };
		65A8501819E580CD00D7DED7 /* Comment.swift in Sources */ = {isa = PBXBuildFile; fileRef = 65A8501719E580CD00D7DED7 /* Comment.swift */; };
		65A8501A19E5810A00D7DED7 /* LoginViewController.swift in Sources */ = {isa = PBXBuildFile; fileRef = 65A8501919E5810A00D7DED7 /* LoginViewController.swift */; };
		65A8501C19E5812B00D7DED7 /* RegistViewController.swift in Sources */ = {isa = PBXBuildFile; fileRef = 65A8501B19E5812B00D7DED7 /* RegistViewController.swift */; };
		65A8501E19E5815A00D7DED7 /* UserViewController.swift in Sources */ = {isa = PBXBuildFile; fileRef = 65A8501D19E5815A00D7DED7 /* UserViewController.swift */; };
		65A8502019E5816E00D7DED7 /* User.swift in Sources */ = {isa = PBXBuildFile; fileRef = 65A8501F19E5816E00D7DED7 /* User.swift */; };
		65A8502219E5819900D7DED7 /* Store.swift in Sources */ = {isa = PBXBuildFile; fileRef = 65A8502119E5819900D7DED7 /* Store.swift */; };
/* End PBXBuildFile section */

/* Begin PBXContainerItemProxy section */
		656A1A0519E57C3100600177 /* PBXContainerItemProxy */ = {
			isa = PBXContainerItemProxy;
			containerPortal = 656A19E719E57C3100600177 /* Project object */;
			proxyType = 1;
			remoteGlobalIDString = 656A19EE19E57C3100600177;
			remoteInfo = post;
		};
/* End PBXContainerItemProxy section */

/* Begin PBXFileReference section */
		656A19EF19E57C3100600177 /* post.app */ = {isa = PBXFileReference; explicitFileType = wrapper.application; includeInIndex = 0; path = post.app; sourceTree = BUILT_PRODUCTS_DIR; };
		656A19F319E57C3100600177 /* Info.plist */ = {isa = PBXFileReference; lastKnownFileType = text.plist.xml; path = Info.plist; sourceTree = "<group>"; };
		656A19F419E57C3100600177 /* AppDelegate.swift */ = {isa = PBXFileReference; lastKnownFileType = sourcecode.swift; path = AppDelegate.swift; sourceTree = "<group>"; };
		656A19F619E57C3100600177 /* ViewController.swift */ = {isa = PBXFileReference; lastKnownFileType = sourcecode.swift; path = ViewController.swift; sourceTree = "<group>"; };
		656A19F919E57C3100600177 /* Base */ = {isa = PBXFileReference; lastKnownFileType = file.storyboard; name = Base; path = Base.lproj/Main.storyboard; sourceTree = "<group>"; };
		656A19FB19E57C3100600177 /* Images.xcassets */ = {isa = PBXFileReference; lastKnownFileType = folder.assetcatalog; path = Images.xcassets; sourceTree = "<group>"; };
		656A19FE19E57C3100600177 /* Base */ = {isa = PBXFileReference; lastKnownFileType = file.xib; name = Base; path = Base.lproj/LaunchScreen.xib; sourceTree = "<group>"; };
		656A1A0419E57C3100600177 /* postTests.xctest */ = {isa = PBXFileReference; explicitFileType = wrapper.cfbundle; includeInIndex = 0; path = postTests.xctest; sourceTree = BUILT_PRODUCTS_DIR; };
		656A1A0919E57C3100600177 /* Info.plist */ = {isa = PBXFileReference; lastKnownFileType = text.plist.xml; path = Info.plist; sourceTree = "<group>"; };
		656A1A0A19E57C3100600177 /* postTests.swift */ = {isa = PBXFileReference; lastKnownFileType = sourcecode.swift; path = postTests.swift; sourceTree = "<group>"; };
		658A71F41A4ED3E1008B9E02 /* NodeViewController.swift */ = {isa = PBXFileReference; fileEncoding = 4; lastKnownFileType = sourcecode.swift; path = NodeViewController.swift; sourceTree = "<group>"; };
		658A71F71A4ED48D008B9E02 /* Member.swift */ = {isa = PBXFileReference; fileEncoding = 4; lastKnownFileType = sourcecode.swift; path = Member.swift; sourceTree = "<group>"; };
		658A71F91A4ED4AA008B9E02 /* MemberViewController.swift */ = {isa = PBXFileReference; fileEncoding = 4; lastKnownFileType = sourcecode.swift; path = MemberViewController.swift; sourceTree = "<group>"; };
		65A8500419E57EC200D7DED7 /* Constant.swift */ = {isa = PBXFileReference; fileEncoding = 4; lastKnownFileType = sourcecode.swift; path = Constant.swift; sourceTree = "<group>"; };
		65A8500619E57EF600D7DED7 /* HttpClient.swift */ = {isa = PBXFileReference; fileEncoding = 4; lastKnownFileType = sourcecode.swift; path = HttpClient.swift; sourceTree = "<group>"; };
		65A8500B19E57F9D00D7DED7 /* PostViewController.swift */ = {isa = PBXFileReference; fileEncoding = 4; lastKnownFileType = sourcecode.swift; path = PostViewController.swift; sourceTree = "<group>"; };
		65A8500D19E57FC800D7DED7 /* AddPostViewController.swift */ = {isa = PBXFileReference; fileEncoding = 4; lastKnownFileType = sourcecode.swift; path = AddPostViewController.swift; sourceTree = "<group>"; };
		65A8500F19E57FFC00D7DED7 /* PostDetailViewController.swift */ = {isa = PBXFileReference; fileEncoding = 4; lastKnownFileType = sourcecode.swift; path = PostDetailViewController.swift; sourceTree = "<group>"; };
		65A8501119E5801F00D7DED7 /* Post.swift */ = {isa = PBXFileReference; fileEncoding = 4; lastKnownFileType = sourcecode.swift; path = Post.swift; sourceTree = "<group>"; };
		65A8501319E5807E00D7DED7 /* CommentViewController.swift */ = {isa = PBXFileReference; fileEncoding = 4; lastKnownFileType = sourcecode.swift; path = CommentViewController.swift; sourceTree = "<group>"; };
		65A8501519E580B600D7DED7 /* CommentDetailViewController.swift */ = {isa = PBXFileReference; fileEncoding = 4; lastKnownFileType = sourcecode.swift; path = CommentDetailViewController.swift; sourceTree = "<group>"; };
		65A8501719E580CD00D7DED7 /* Comment.swift */ = {isa = PBXFileReference; fileEncoding = 4; lastKnownFileType = sourcecode.swift; path = Comment.swift; sourceTree = "<group>"; };
		65A8501919E5810A00D7DED7 /* LoginViewController.swift */ = {isa = PBXFileReference; fileEncoding = 4; lastKnownFileType = sourcecode.swift; path = LoginViewController.swift; sourceTree = "<group>"; };
		65A8501B19E5812B00D7DED7 /* RegistViewController.swift */ = {isa = PBXFileReference; fileEncoding = 4; lastKnownFileType = sourcecode.swift; path = RegistViewController.swift; sourceTree = "<group>"; };
		65A8501D19E5815A00D7DED7 /* UserViewController.swift */ = {isa = PBXFileReference; fileEncoding = 4; lastKnownFileType = sourcecode.swift; path = UserViewController.swift; sourceTree = "<group>"; };
		65A8501F19E5816E00D7DED7 /* User.swift */ = {isa = PBXFileReference; fileEncoding = 4; lastKnownFileType = sourcecode.swift; path = User.swift; sourceTree = "<group>"; };
		65A8502119E5819900D7DED7 /* Store.swift */ = {isa = PBXFileReference; fileEncoding = 4; lastKnownFileType = sourcecode.swift; path = Store.swift; sourceTree = "<group>"; };
/* End PBXFileReference section */

/* Begin PBXFrameworksBuildPhase section */
		656A19EC19E57C3100600177 /* Frameworks */ = {
			isa = PBXFrameworksBuildPhase;
			buildActionMask = 2147483647;
			files = (
			);
			runOnlyForDeploymentPostprocessing = 0;
		};
		656A1A0119E57C3100600177 /* Frameworks */ = {
			isa = PBXFrameworksBuildPhase;
			buildActionMask = 2147483647;
			files = (
			);
			runOnlyForDeploymentPostprocessing = 0;
		};
/* End PBXFrameworksBuildPhase section */

/* Begin PBXGroup section */
		656A19E619E57C3100600177 = {
			isa = PBXGroup;
			children = (
				656A19F119E57C3100600177 /* post */,
				656A1A0719E57C3100600177 /* postTests */,
				656A19F019E57C3100600177 /* Products */,
			);
			sourceTree = "<group>";
		};
		656A19F019E57C3100600177 /* Products */ = {
			isa = PBXGroup;
			children = (
				656A19EF19E57C3100600177 /* post.app */,
				656A1A0419E57C3100600177 /* postTests.xctest */,
			);
			name = Products;
			sourceTree = "<group>";
		};
		656A19F119E57C3100600177 /* post */ = {
			isa = PBXGroup;
			children = (
				65A8500319E57E9500D7DED7 /* project */,
				65A8500219E57E4D00D7DED7 /* core */,
				65A8500019E57E2900D7DED7 /* resource */,
				656A19F419E57C3100600177 /* AppDelegate.swift */,
				656A19F619E57C3100600177 /* ViewController.swift */,
				656A19F819E57C3100600177 /* Main.storyboard */,
				656A19FB19E57C3100600177 /* Images.xcassets */,
				656A19FD19E57C3100600177 /* LaunchScreen.xib */,
				656A19F219E57C3100600177 /* Supporting Files */,
			);
			path = post;
			sourceTree = "<group>";
		};
		656A19F219E57C3100600177 /* Supporting Files */ = {
			isa = PBXGroup;
			children = (
				656A19F319E57C3100600177 /* Info.plist */,
			);
			name = "Supporting Files";
			sourceTree = "<group>";
		};
		656A1A0719E57C3100600177 /* postTests */ = {
			isa = PBXGroup;
			children = (
				656A1A0A19E57C3100600177 /* postTests.swift */,
				656A1A0819E57C3100600177 /* Supporting Files */,
			);
			path = postTests;
			sourceTree = "<group>";
		};
		656A1A0819E57C3100600177 /* Supporting Files */ = {
			isa = PBXGroup;
			children = (
				656A1A0919E57C3100600177 /* Info.plist */,
			);
			name = "Supporting Files";
			sourceTree = "<group>";
		};
		658A71F31A4ED3CC008B9E02 /* node */ = {
			isa = PBXGroup;
			children = (
				658A71F41A4ED3E1008B9E02 /* NodeViewController.swift */,
			);
			name = node;
			sourceTree = "<group>";
		};
		658A71F61A4ED481008B9E02 /* member */ = {
			isa = PBXGroup;
			children = (
				658A71F71A4ED48D008B9E02 /* Member.swift */,
				658A71F91A4ED4AA008B9E02 /* MemberViewController.swift */,
			);
			name = member;
			sourceTree = "<group>";
		};
		65A8500019E57E2900D7DED7 /* resource */ = {
			isa = PBXGroup;
			children = (
				65A8500119E57E3900D7DED7 /* images */,
			);
			name = resource;
			sourceTree = "<group>";
		};
		65A8500119E57E3900D7DED7 /* images */ = {
			isa = PBXGroup;
			children = (
			);
			name = images;
			sourceTree = "<group>";
		};
		65A8500219E57E4D00D7DED7 /* core */ = {
			isa = PBXGroup;
			children = (
				65A8500419E57EC200D7DED7 /* Constant.swift */,
				65A8500619E57EF600D7DED7 /* HttpClient.swift */,
				65A8502119E5819900D7DED7 /* Store.swift */,
			);
			name = core;
			sourceTree = "<group>";
		};
		65A8500319E57E9500D7DED7 /* project */ = {
			isa = PBXGroup;
			children = (
				658A71F61A4ED481008B9E02 /* member */,
				658A71F31A4ED3CC008B9E02 /* node */,
				65A8500819E57F2F00D7DED7 /* post */,
				65A8500A19E57F6800D7DED7 /* comment */,
				65A8500919E57F5600D7DED7 /* user */,
			);
			name = project;
			sourceTree = "<group>";
		};
		65A8500819E57F2F00D7DED7 /* post */ = {
			isa = PBXGroup;
			children = (
				65A8500B19E57F9D00D7DED7 /* PostViewController.swift */,
				65A8500D19E57FC800D7DED7 /* AddPostViewController.swift */,
				65A8500F19E57FFC00D7DED7 /* PostDetailViewController.swift */,
				65A8501119E5801F00D7DED7 /* Post.swift */,
			);
			name = post;
			sourceTree = "<group>";
		};
		65A8500919E57F5600D7DED7 /* user */ = {
			isa = PBXGroup;
			children = (
				65A8501919E5810A00D7DED7 /* LoginViewController.swift */,
				65A8501B19E5812B00D7DED7 /* RegistViewController.swift */,
				65A8501D19E5815A00D7DED7 /* UserViewController.swift */,
				65A8501F19E5816E00D7DED7 /* User.swift */,
			);
			name = user;
			sourceTree = "<group>";
		};
		65A8500A19E57F6800D7DED7 /* comment */ = {
			isa = PBXGroup;
			children = (
				65A8501319E5807E00D7DED7 /* CommentViewController.swift */,
				65A8501519E580B600D7DED7 /* CommentDetailViewController.swift */,
				65A8501719E580CD00D7DED7 /* Comment.swift */,
			);
			name = comment;
			sourceTree = "<group>";
		};
/* End PBXGroup section */

/* Begin PBXNativeTarget section */
		656A19EE19E57C3100600177 /* post */ = {
			isa = PBXNativeTarget;
			buildConfigurationList = 656A1A0E19E57C3100600177 /* Build configuration list for PBXNativeTarget "post" */;
			buildPhases = (
				656A19EB19E57C3100600177 /* Sources */,
				656A19EC19E57C3100600177 /* Frameworks */,
				656A19ED19E57C3100600177 /* Resources */,
			);
			buildRules = (
			);
			dependencies = (
			);
			name = post;
			productName = post;
			productReference = 656A19EF19E57C3100600177 /* post.app */;
			productType = "com.apple.product-type.application";
		};
		656A1A0319E57C3100600177 /* postTests */ = {
			isa = PBXNativeTarget;
			buildConfigurationList = 656A1A1119E57C3100600177 /* Build configuration list for PBXNativeTarget "postTests" */;
			buildPhases = (
				656A1A0019E57C3100600177 /* Sources */,
				656A1A0119E57C3100600177 /* Frameworks */,
				656A1A0219E57C3100600177 /* Resources */,
			);
			buildRules = (
			);
			dependencies = (
				656A1A0619E57C3100600177 /* PBXTargetDependency */,
			);
			name = postTests;
			productName = postTests;
			productReference = 656A1A0419E57C3100600177 /* postTests.xctest */;
			productType = "com.apple.product-type.bundle.unit-test";
		};
/* End PBXNativeTarget section */

/* Begin PBXProject section */
		656A19E719E57C3100600177 /* Project object */ = {
			isa = PBXProject;
			attributes = {
				LastUpgradeCheck = 0600;
				ORGANIZATIONNAME = "Derek Li";
				TargetAttributes = {
					656A19EE19E57C3100600177 = {
						CreatedOnToolsVersion = 6.0.1;
					};
					656A1A0319E57C3100600177 = {
						CreatedOnToolsVersion = 6.0.1;
						TestTargetID = 656A19EE19E57C3100600177;
					};
				};
			};
			buildConfigurationList = 656A19EA19E57C3100600177 /* Build configuration list for PBXProject "post" */;
			compatibilityVersion = "Xcode 3.2";
			developmentRegion = English;
			hasScannedForEncodings = 0;
			knownRegions = (
				en,
				Base,
			);
			mainGroup = 656A19E619E57C3100600177;
			productRefGroup = 656A19F019E57C3100600177 /* Products */;
			projectDirPath = "";
			projectRoot = "";
			targets = (
				656A19EE19E57C3100600177 /* post */,
				656A1A0319E57C3100600177 /* postTests */,
			);
		};
/* End PBXProject section */

/* Begin PBXResourcesBuildPhase section */
		656A19ED19E57C3100600177 /* Resources */ = {
			isa = PBXResourcesBuildPhase;
			buildActionMask = 2147483647;
			files = (
				656A19FA19E57C3100600177 /* Main.storyboard in Resources */,
				656A19FF19E57C3100600177 /* LaunchScreen.xib in Resources */,
				656A19FC19E57C3100600177 /* Images.xcassets in Resources */,
			);
			runOnlyForDeploymentPostprocessing = 0;
		};
		656A1A0219E57C3100600177 /* Resources */ = {
			isa = PBXResourcesBuildPhase;
			buildActionMask = 2147483647;
			files = (
			);
			runOnlyForDeploymentPostprocessing = 0;
		};
/* End PBXResourcesBuildPhase section */

/* Begin PBXSourcesBuildPhase section */
		656A19EB19E57C3100600177 /* Sources */ = {
			isa = PBXSourcesBuildPhase;
			buildActionMask = 2147483647;
			files = (
				65A8501A19E5810A00D7DED7 /* LoginViewController.swift in Sources */,
				656A19F719E57C3100600177 /* ViewController.swift in Sources */,
				65A8501019E57FFC00D7DED7 /* PostDetailViewController.swift in Sources */,
				658A71FA1A4ED4AA008B9E02 /* MemberViewController.swift in Sources */,
				65A8502219E5819900D7DED7 /* Store.swift in Sources */,
				656A19F519E57C3100600177 /* AppDelegate.swift in Sources */,
				65A8501219E5801F00D7DED7 /* Post.swift in Sources */,
				65A8500719E57EF600D7DED7 /* HttpClient.swift in Sources */,
				65A8500519E57EC200D7DED7 /* Constant.swift in Sources */,
				65A8501E19E5815A00D7DED7 /* UserViewController.swift in Sources */,
				65A8502019E5816E00D7DED7 /* User.swift in Sources */,
				658A71F51A4ED3E1008B9E02 /* NodeViewController.swift in Sources */,
				65A8500E19E57FC800D7DED7 /* AddPostViewController.swift in Sources */,
				65A8501C19E5812B00D7DED7 /* RegistViewController.swift in Sources */,
				658A71F81A4ED48D008B9E02 /* Member.swift in Sources */,
				65A8500C19E57F9D00D7DED7 /* PostViewController.swift in Sources */,
				65A8501419E5807E00D7DED7 /* CommentViewController.swift in Sources */,
				65A8501819E580CD00D7DED7 /* Comment.swift in Sources */,
				65A8501619E580B600D7DED7 /* CommentDetailViewController.swift in Sources */,
			);
			runOnlyForDeploymentPostprocessing = 0;
		};
		656A1A0019E57C3100600177 /* Sources */ = {
			isa = PBXSourcesBuildPhase;
			buildActionMask = 2147483647;
			files = (
				656A1A0B19E57C3100600177 /* postTests.swift in Sources */,
			);
			runOnlyForDeploymentPostprocessing = 0;
		};
/* End PBXSourcesBuildPhase section */

/* Begin PBXTargetDependency section */
		656A1A0619E57C3100600177 /* PBXTargetDependency */ = {
			isa = PBXTargetDependency;
			target = 656A19EE19E57C3100600177 /* post */;
			targetProxy = 656A1A0519E57C3100600177 /* PBXContainerItemProxy */;
		};
/* End PBXTargetDependency section */

/* Begin PBXVariantGroup section */
		656A19F819E57C3100600177 /* Main.storyboard */ = {
			isa = PBXVariantGroup;
			children = (
				656A19F919E57C3100600177 /* Base */,
			);
			name = Main.storyboard;
			sourceTree = "<group>";
		};
		656A19FD19E57C3100600177 /* LaunchScreen.xib */ = {
			isa = PBXVariantGroup;
			children = (
				656A19FE19E57C3100600177 /* Base */,
			);
			name = LaunchScreen.xib;
			sourceTree = "<group>";
		};
/* End PBXVariantGroup section */

/* Begin XCBuildConfiguration section */
		656A1A0C19E57C3100600177 /* Debug */ = {
			isa = XCBuildConfiguration;
			buildSettings = {
				ALWAYS_SEARCH_USER_PATHS = NO;
				CLANG_CXX_LANGUAGE_STANDARD = "gnu++0x";
				CLANG_CXX_LIBRARY = "libc++";
				CLANG_ENABLE_MODULES = YES;
				CLANG_ENABLE_OBJC_ARC = YES;
				CLANG_WARN_BOOL_CONVERSION = YES;
				CLANG_WARN_CONSTANT_CONVERSION = YES;
				CLANG_WARN_DIRECT_OBJC_ISA_USAGE = YES_ERROR;
				CLANG_WARN_EMPTY_BODY = YES;
				CLANG_WARN_ENUM_CONVERSION = YES;
				CLANG_WARN_INT_CONVERSION = YES;
				CLANG_WARN_OBJC_ROOT_CLASS = YES_ERROR;
				CLANG_WARN_UNREACHABLE_CODE = YES;
				CLANG_WARN__DUPLICATE_METHOD_MATCH = YES;
				"CODE_SIGN_IDENTITY[sdk=iphoneos*]" = "iPhone Developer";
				COPY_PHASE_STRIP = NO;
				ENABLE_STRICT_OBJC_MSGSEND = YES;
				GCC_C_LANGUAGE_STANDARD = gnu99;
				GCC_DYNAMIC_NO_PIC = NO;
				GCC_OPTIMIZATION_LEVEL = 0;
				GCC_PREPROCESSOR_DEFINITIONS = (
					"DEBUG=1",
					"$(inherited)",
				);
				GCC_SYMBOLS_PRIVATE_EXTERN = NO;
				GCC_WARN_64_TO_32_BIT_CONVERSION = YES;
				GCC_WARN_ABOUT_RETURN_TYPE = YES_ERROR;
				GCC_WARN_UNDECLARED_SELECTOR = YES;
				GCC_WARN_UNINITIALIZED_AUTOS = YES_AGGRESSIVE;
				GCC_WARN_UNUSED_FUNCTION = YES;
				GCC_WARN_UNUSED_VARIABLE = YES;
				IPHONEOS_DEPLOYMENT_TARGET = 8.0;
				MTL_ENABLE_DEBUG_INFO = YES;
				ONLY_ACTIVE_ARCH = YES;
				SDKROOT = iphoneos;
				SWIFT_OPTIMIZATION_LEVEL = "-Onone";
			};
			name = Debug;
		};
		656A1A0D19E57C3100600177 /* Release */ = {
			isa = XCBuildConfiguration;
			buildSettings = {
				ALWAYS_SEARCH_USER_PATHS = NO;
				CLANG_CXX_LANGUAGE_STANDARD = "gnu++0x";
				CLANG_CXX_LIBRARY = "libc++";
				CLANG_ENABLE_MODULES = YES;
				CLANG_ENABLE_OBJC_ARC = YES;
				CLANG_WARN_BOOL_CONVERSION = YES;
				CLANG_WARN_CONSTANT_CONVERSION = YES;
				CLANG_WARN_DIRECT_OBJC_ISA_USAGE = YES_ERROR;
				CLANG_WARN_EMPTY_BODY = YES;
				CLANG_WARN_ENUM_CONVERSION = YES;
				CLANG_WARN_INT_CONVERSION = YES;
				CLANG_WARN_OBJC_ROOT_CLASS = YES_ERROR;
				CLANG_WARN_UNREACHABLE_CODE = YES;
				CLANG_WARN__DUPLICATE_METHOD_MATCH = YES;
				"CODE_SIGN_IDENTITY[sdk=iphoneos*]" = "iPhone Developer";
				COPY_PHASE_STRIP = YES;
				ENABLE_NS_ASSERTIONS = NO;
				ENABLE_STRICT_OBJC_MSGSEND = YES;
				GCC_C_LANGUAGE_STANDARD = gnu99;
				GCC_WARN_64_TO_32_BIT_CONVERSION = YES;
				GCC_WARN_ABOUT_RETURN_TYPE = YES_ERROR;
				GCC_WARN_UNDECLARED_SELECTOR = YES;
				GCC_WARN_UNINITIALIZED_AUTOS = YES_AGGRESSIVE;
				GCC_WARN_UNUSED_FUNCTION = YES;
				GCC_WARN_UNUSED_VARIABLE = YES;
				IPHONEOS_DEPLOYMENT_TARGET = 8.0;
				MTL_ENABLE_DEBUG_INFO = NO;
				SDKROOT = iphoneos;
				VALIDATE_PRODUCT = YES;
			};
			name = Release;
		};
		656A1A0F19E57C3100600177 /* Debug */ = {
			isa = XCBuildConfiguration;
			buildSettings = {
				ASSETCATALOG_COMPILER_APPICON_NAME = AppIcon;
				INFOPLIST_FILE = post/Info.plist;
				LD_RUNPATH_SEARCH_PATHS = "$(inherited) @executable_path/Frameworks";
				PRODUCT_NAME = "$(TARGET_NAME)";
			};
			name = Debug;
		};
		656A1A1019E57C3100600177 /* Release */ = {
			isa = XCBuildConfiguration;
			buildSettings = {
				ASSETCATALOG_COMPILER_APPICON_NAME = AppIcon;
				INFOPLIST_FILE = post/Info.plist;
				LD_RUNPATH_SEARCH_PATHS = "$(inherited) @executable_path/Frameworks";
				PRODUCT_NAME = "$(TARGET_NAME)";
			};
			name = Release;
		};
		656A1A1219E57C3100600177 /* Debug */ = {
			isa = XCBuildConfiguration;
			buildSettings = {
				BUNDLE_LOADER = "$(TEST_HOST)";
				FRAMEWORK_SEARCH_PATHS = (
					"$(SDKROOT)/Developer/Library/Frameworks",
					"$(inherited)",
				);
				GCC_PREPROCESSOR_DEFINITIONS = (
					"DEBUG=1",
					"$(inherited)",
				);
				INFOPLIST_FILE = postTests/Info.plist;
				LD_RUNPATH_SEARCH_PATHS = "$(inherited) @executable_path/Frameworks @loader_path/Frameworks";
				PRODUCT_NAME = "$(TARGET_NAME)";
				TEST_HOST = "$(BUILT_PRODUCTS_DIR)/post.app/post";
			};
			name = Debug;
		};
		656A1A1319E57C3100600177 /* Release */ = {
			isa = XCBuildConfiguration;
			buildSettings = {
				BUNDLE_LOADER = "$(TEST_HOST)";
				FRAMEWORK_SEARCH_PATHS = (
					"$(SDKROOT)/Developer/Library/Frameworks",
					"$(inherited)",
				);
				INFOPLIST_FILE = postTests/Info.plist;
				LD_RUNPATH_SEARCH_PATHS = "$(inherited) @executable_path/Frameworks @loader_path/Frameworks";
				PRODUCT_NAME = "$(TARGET_NAME)";
				TEST_HOST = "$(BUILT_PRODUCTS_DIR)/post.app/post";
			};
			name = Release;
		};
/* End XCBuildConfiguration section */

/* Begin XCConfigurationList section */
		656A19EA19E57C3100600177 /* Build configuration list for PBXProject "post" */ = {
			isa = XCConfigurationList;
			buildConfigurations = (
				656A1A0C19E57C3100600177 /* Debug */,
				656A1A0D19E57C3100600177 /* Release */,
			);
			defaultConfigurationIsVisible = 0;
			defaultConfigurationName = Release;
		};
		656A1A0E19E57C3100600177 /* Build configuration list for PBXNativeTarget "post" */ = {
			isa = XCConfigurationList;
			buildConfigurations = (
				656A1A0F19E57C3100600177 /* Debug */,
				656A1A1019E57C3100600177 /* Release */,
			);
			defaultConfigurationIsVisible = 0;
			defaultConfigurationName = Release;
		};
		656A1A1119E57C3100600177 /* Build configuration list for PBXNativeTarget "postTests" */ = {
			isa = XCConfigurationList;
			buildConfigurations = (
				656A1A1219E57C3100600177 /* Debug */,
				656A1A1319E57C3100600177 /* Release */,
			);
			defaultConfigurationIsVisible = 0;
			defaultConfigurationName = Release;
		};
/* End XCConfigurationList section */
	};
	rootObject = 656A19E719E57C3100600177 /* Project object */;
}
